PODS:
  - Alamofire (5.8.0)
  - Moya (15.0.0):
    - Moya/Core (= 15.0.0)
  - Moya/Core (15.0.0):
    - Alamofire (~> 5.0)
  - SwiftyJSON (4.3.0)

DEPENDENCIES:
  - Moya (~> 15.0)
  - SwiftyJSON (~> 4.0)

SPEC REPOS:
  trunk:
    - Alamofire
    - Moya
    - SwiftyJSON

SPEC CHECKSUMS:
  Alamofire: 0e92e751b3e9e66d7982db43919d01f313b8eb91
  Moya: 138f0573e53411fb3dc17016add0b748dfbd78ee
  SwiftyJSON: 6faa0040f8b59dead0ee07436cbf76b73c08fd08

PODFILE CHECKSUM: af47261a095e10c41d8fcddf5b5879b4e4895f71

COCOAPODS: 1.13.0
